
Microsoft Visual Studio Solution File, Format Version 12.00
# Visual Studio 15
VisualStudioVersion = 15.0.27428.2002
MinimumVisualStudioVersion = 10.0.40219.1
Project("{2150E333-8FDC-42A3-9474-1A3956D46DE8}") = "submodule", "submodule", "{64297C18-17FA-4590-AC51-F9BC454FE69E}"
EndProject
Project("{FAE04EC0-301F-11D3-BF4B-00C04F79EFBC}") = "SanteDB.Core.Api", "santedb-api\SanteDB.Core.Api\SanteDB.Core.Api.csproj", "{3A45F695-47A2-464C-ACE6-BDABBFA39FBC}"
EndProject
Project("{FAE04EC0-301F-11D3-BF4B-00C04F79EFBC}") = "SanteDB.Core.Applets", "santedb-applets\SanteDB.Core.Applets\SanteDB.Core.Applets.csproj", "{39E61451-F4FE-493D-B754-5F06EB284AAC}"
EndProject
Project("{FAE04EC0-301F-11D3-BF4B-00C04F79EFBC}") = "SanteDB.BusinessRules.JavaScript", "santedb-bre-js\SanteDB.BusinessRules.JavaScript\SanteDB.BusinessRules.JavaScript.csproj", "{3BFD6EE6-0267-4D82-BE7D-9B48B2F6F3D4}"
EndProject
Project("{FAE04EC0-301F-11D3-BF4B-00C04F79EFBC}") = "SanteDB.Cdss.Xml", "santedb-cdss\SanteDB.Cdss.Xml\SanteDB.Cdss.Xml.csproj", "{CAD6BCB7-758B-4AA4-A5FE-A9FAB8A4CF2F}"
EndProject
Project("{FAE04EC0-301F-11D3-BF4B-00C04F79EFBC}") = "SanteDB.DisconnectedClient.Core", "santedb-dc-core\SanteDB.DisconnectedClient.Core\SanteDB.DisconnectedClient.Core.csproj", "{554DF209-7744-433F-993A-783E2A2803EF}"
EndProject
Project("{FAE04EC0-301F-11D3-BF4B-00C04F79EFBC}") = "SanteDB.DisconnectedClient.i18n", "santedb-dc-core\SanteDB.DisconnectedClient.i18n\SanteDB.DisconnectedClient.i18n.csproj", "{4A16BBDF-64EB-4CDE-97AA-B18C9A44CBB6}"
EndProject
Project("{FAE04EC0-301F-11D3-BF4B-00C04F79EFBC}") = "SanteDB.DisconnectedClient.UI", "santedb-dc-core\SanteDB.DisconnectedClient.UI\SanteDB.DisconnectedClient.UI.csproj", "{5315173F-51E5-4600-B31D-66CFE3B94205}"
EndProject
Project("{FAE04EC0-301F-11D3-BF4B-00C04F79EFBC}") = "SanteDB.DisconnectedClient.Xamarin", "santedb-dc-core\SanteDB.DisconnectedClient.Xamarin\SanteDB.DisconnectedClient.Xamarin.csproj", "{9A06ACC9-4D6F-4EAB-8A8A-9652BC6A70AE}"
EndProject
Project("{FAE04EC0-301F-11D3-BF4B-00C04F79EFBC}") = "SanteDB.Core.Model", "santedb-model\SanteDB.Core.Model\SanteDB.Core.Model.csproj", "{F1A82A4F-4A57-47D7-AE76-444C8A4FF54A}"
EndProject
Project("{FAE04EC0-301F-11D3-BF4B-00C04F79EFBC}") = "SanteDB.ReportR", "reportr\SanteDB.ReportR\SanteDB.ReportR.csproj", "{39A382D5-A4A1-415A-8CEB-618177E23FAC}"
EndProject
Project("{FAE04EC0-301F-11D3-BF4B-00C04F79EFBC}") = "santedb-www", "santedb-www\santedb-www.csproj", "{C646D24E-48FB-44E7-B104-0AAEA348537C}"
EndProject
Project("{FAE04EC0-301F-11D3-BF4B-00C04F79EFBC}") = "SanteDB.DisconnectedClient.SQLite", "santedb-dc-core\SanteDB.DisconnectedClient.Core.SQLite\SanteDB.DisconnectedClient.SQLite.csproj", "{406D064D-78B4-467F-86C6-B3E2F12C0A65}"
EndProject
Project("{FAE04EC0-301F-11D3-BF4B-00C04F79EFBC}") = "RestSrvr", "restsrvr\RestSrvr\RestSrvr.csproj", "{16EF1840-0361-439D-806C-92D0411122EB}"
EndProject
Project("{FAE04EC0-301F-11D3-BF4B-00C04F79EFBC}") = "SanteDB.Core.Model.AMI", "santedb-restsvc\SanteDB.Core.Model.AMI\SanteDB.Core.Model.AMI.csproj", "{65EF51C6-5CB8-43B8-AE65-4A68F0B44AD2}"
EndProject
Project("{FAE04EC0-301F-11D3-BF4B-00C04F79EFBC}") = "SanteDB.Core.Model.RISI", "santedb-restsvc\SanteDB.Core.Model.RISI\SanteDB.Core.Model.RISI.csproj", "{F3D2FA84-C398-4390-9834-1272CC2D6F89}"
EndProject
Project("{FAE04EC0-301F-11D3-BF4B-00C04F79EFBC}") = "SanteDB.Rest.AMI", "santedb-restsvc\SanteDB.Rest.AMI\SanteDB.Rest.AMI.csproj", "{F14023E2-F8DF-4EBC-B2C4-34A825E3790E}"
EndProject
Project("{FAE04EC0-301F-11D3-BF4B-00C04F79EFBC}") = "SanteDB.Rest.Common", "santedb-restsvc\SanteDB.Rest.Common\SanteDB.Rest.Common.csproj", "{786BD0EE-1806-4158-BA45-80249AC6DFE7}"
EndProject
Project("{FAE04EC0-301F-11D3-BF4B-00C04F79EFBC}") = "SanteDB.Rest.HDSI", "santedb-restsvc\SanteDB.Rest.HDSI\SanteDB.Rest.HDSI.csproj", "{903E2E75-7B62-4C42-A001-404DC0235A6B}"
EndProject
Project("{FAE04EC0-301F-11D3-BF4B-00C04F79EFBC}") = "SanteDB.DisconnectedClient.Ags", "santedb-dc-core\SanteDB.DisconnectedClient.Ags\SanteDB.DisconnectedClient.Ags.csproj", "{EDCD4511-B016-48EE-BD73-491A6B6687E6}"
EndProject
Global
	GlobalSection(SolutionConfigurationPlatforms) = preSolution
		Debug|Any CPU = Debug|Any CPU
		MacDebug|Any CPU = MacDebug|Any CPU
		MacRelease|Any CPU = MacRelease|Any CPU
		Release|Any CPU = Release|Any CPU
		SignedRelease|Any CPU = SignedRelease|Any CPU
	EndGlobalSection
	GlobalSection(ProjectConfigurationPlatforms) = postSolution
		{3A45F695-47A2-464C-ACE6-BDABBFA39FBC}.Debug|Any CPU.ActiveCfg = Debug|Any CPU
		{3A45F695-47A2-464C-ACE6-BDABBFA39FBC}.Debug|Any CPU.Build.0 = Debug|Any CPU
		{3A45F695-47A2-464C-ACE6-BDABBFA39FBC}.MacDebug|Any CPU.ActiveCfg = Debug|Any CPU
		{3A45F695-47A2-464C-ACE6-BDABBFA39FBC}.MacDebug|Any CPU.Build.0 = Debug|Any CPU
		{3A45F695-47A2-464C-ACE6-BDABBFA39FBC}.MacRelease|Any CPU.ActiveCfg = Release|Any CPU
		{3A45F695-47A2-464C-ACE6-BDABBFA39FBC}.MacRelease|Any CPU.Build.0 = Release|Any CPU
		{3A45F695-47A2-464C-ACE6-BDABBFA39FBC}.Release|Any CPU.ActiveCfg = Release|Any CPU
		{3A45F695-47A2-464C-ACE6-BDABBFA39FBC}.Release|Any CPU.Build.0 = Release|Any CPU
		{3A45F695-47A2-464C-ACE6-BDABBFA39FBC}.SignedRelease|Any CPU.ActiveCfg = Release|Any CPU
		{3A45F695-47A2-464C-ACE6-BDABBFA39FBC}.SignedRelease|Any CPU.Build.0 = Release|Any CPU
		{39E61451-F4FE-493D-B754-5F06EB284AAC}.Debug|Any CPU.ActiveCfg = Debug|Any CPU
		{39E61451-F4FE-493D-B754-5F06EB284AAC}.Debug|Any CPU.Build.0 = Debug|Any CPU
		{39E61451-F4FE-493D-B754-5F06EB284AAC}.MacDebug|Any CPU.ActiveCfg = Debug|Any CPU
		{39E61451-F4FE-493D-B754-5F06EB284AAC}.MacDebug|Any CPU.Build.0 = Debug|Any CPU
		{39E61451-F4FE-493D-B754-5F06EB284AAC}.MacRelease|Any CPU.ActiveCfg = Release|Any CPU
		{39E61451-F4FE-493D-B754-5F06EB284AAC}.MacRelease|Any CPU.Build.0 = Release|Any CPU
		{39E61451-F4FE-493D-B754-5F06EB284AAC}.Release|Any CPU.ActiveCfg = Release|Any CPU
		{39E61451-F4FE-493D-B754-5F06EB284AAC}.Release|Any CPU.Build.0 = Release|Any CPU
		{39E61451-F4FE-493D-B754-5F06EB284AAC}.SignedRelease|Any CPU.ActiveCfg = Release|Any CPU
		{39E61451-F4FE-493D-B754-5F06EB284AAC}.SignedRelease|Any CPU.Build.0 = Release|Any CPU
		{3BFD6EE6-0267-4D82-BE7D-9B48B2F6F3D4}.Debug|Any CPU.ActiveCfg = Debug|Any CPU
		{3BFD6EE6-0267-4D82-BE7D-9B48B2F6F3D4}.Debug|Any CPU.Build.0 = Debug|Any CPU
		{3BFD6EE6-0267-4D82-BE7D-9B48B2F6F3D4}.MacDebug|Any CPU.ActiveCfg = Debug|Any CPU
		{3BFD6EE6-0267-4D82-BE7D-9B48B2F6F3D4}.MacDebug|Any CPU.Build.0 = Debug|Any CPU
		{3BFD6EE6-0267-4D82-BE7D-9B48B2F6F3D4}.MacRelease|Any CPU.ActiveCfg = Release|Any CPU
		{3BFD6EE6-0267-4D82-BE7D-9B48B2F6F3D4}.MacRelease|Any CPU.Build.0 = Release|Any CPU
		{3BFD6EE6-0267-4D82-BE7D-9B48B2F6F3D4}.Release|Any CPU.ActiveCfg = Release|Any CPU
		{3BFD6EE6-0267-4D82-BE7D-9B48B2F6F3D4}.Release|Any CPU.Build.0 = Release|Any CPU
		{3BFD6EE6-0267-4D82-BE7D-9B48B2F6F3D4}.SignedRelease|Any CPU.ActiveCfg = Release|Any CPU
		{3BFD6EE6-0267-4D82-BE7D-9B48B2F6F3D4}.SignedRelease|Any CPU.Build.0 = Release|Any CPU
		{CAD6BCB7-758B-4AA4-A5FE-A9FAB8A4CF2F}.Debug|Any CPU.ActiveCfg = Debug|Any CPU
		{CAD6BCB7-758B-4AA4-A5FE-A9FAB8A4CF2F}.Debug|Any CPU.Build.0 = Debug|Any CPU
		{CAD6BCB7-758B-4AA4-A5FE-A9FAB8A4CF2F}.MacDebug|Any CPU.ActiveCfg = Debug|Any CPU
		{CAD6BCB7-758B-4AA4-A5FE-A9FAB8A4CF2F}.MacDebug|Any CPU.Build.0 = Debug|Any CPU
		{CAD6BCB7-758B-4AA4-A5FE-A9FAB8A4CF2F}.MacRelease|Any CPU.ActiveCfg = Release|Any CPU
		{CAD6BCB7-758B-4AA4-A5FE-A9FAB8A4CF2F}.MacRelease|Any CPU.Build.0 = Release|Any CPU
		{CAD6BCB7-758B-4AA4-A5FE-A9FAB8A4CF2F}.Release|Any CPU.ActiveCfg = Release|Any CPU
		{CAD6BCB7-758B-4AA4-A5FE-A9FAB8A4CF2F}.Release|Any CPU.Build.0 = Release|Any CPU
		{CAD6BCB7-758B-4AA4-A5FE-A9FAB8A4CF2F}.SignedRelease|Any CPU.ActiveCfg = Release|Any CPU
		{CAD6BCB7-758B-4AA4-A5FE-A9FAB8A4CF2F}.SignedRelease|Any CPU.Build.0 = Release|Any CPU
		{554DF209-7744-433F-993A-783E2A2803EF}.Debug|Any CPU.ActiveCfg = Debug|Any CPU
		{554DF209-7744-433F-993A-783E2A2803EF}.Debug|Any CPU.Build.0 = Debug|Any CPU
		{554DF209-7744-433F-993A-783E2A2803EF}.MacDebug|Any CPU.ActiveCfg = MacDebug|Any CPU
		{554DF209-7744-433F-993A-783E2A2803EF}.MacDebug|Any CPU.Build.0 = MacDebug|Any CPU
		{554DF209-7744-433F-993A-783E2A2803EF}.MacRelease|Any CPU.ActiveCfg = MacRelease|Any CPU
		{554DF209-7744-433F-993A-783E2A2803EF}.MacRelease|Any CPU.Build.0 = MacRelease|Any CPU
		{554DF209-7744-433F-993A-783E2A2803EF}.Release|Any CPU.ActiveCfg = Release|Any CPU
		{554DF209-7744-433F-993A-783E2A2803EF}.Release|Any CPU.Build.0 = Release|Any CPU
		{554DF209-7744-433F-993A-783E2A2803EF}.SignedRelease|Any CPU.ActiveCfg = SignedRelease|Any CPU
		{554DF209-7744-433F-993A-783E2A2803EF}.SignedRelease|Any CPU.Build.0 = SignedRelease|Any CPU
		{4A16BBDF-64EB-4CDE-97AA-B18C9A44CBB6}.Debug|Any CPU.ActiveCfg = Debug|Any CPU
		{4A16BBDF-64EB-4CDE-97AA-B18C9A44CBB6}.Debug|Any CPU.Build.0 = Debug|Any CPU
		{4A16BBDF-64EB-4CDE-97AA-B18C9A44CBB6}.MacDebug|Any CPU.ActiveCfg = Debug|Any CPU
		{4A16BBDF-64EB-4CDE-97AA-B18C9A44CBB6}.MacDebug|Any CPU.Build.0 = Debug|Any CPU
		{4A16BBDF-64EB-4CDE-97AA-B18C9A44CBB6}.MacRelease|Any CPU.ActiveCfg = Release|Any CPU
		{4A16BBDF-64EB-4CDE-97AA-B18C9A44CBB6}.MacRelease|Any CPU.Build.0 = Release|Any CPU
		{4A16BBDF-64EB-4CDE-97AA-B18C9A44CBB6}.Release|Any CPU.ActiveCfg = Release|Any CPU
		{4A16BBDF-64EB-4CDE-97AA-B18C9A44CBB6}.Release|Any CPU.Build.0 = Release|Any CPU
		{4A16BBDF-64EB-4CDE-97AA-B18C9A44CBB6}.SignedRelease|Any CPU.ActiveCfg = Release|Any CPU
		{4A16BBDF-64EB-4CDE-97AA-B18C9A44CBB6}.SignedRelease|Any CPU.Build.0 = Release|Any CPU
		{5315173F-51E5-4600-B31D-66CFE3B94205}.Debug|Any CPU.ActiveCfg = Debug|Any CPU
		{5315173F-51E5-4600-B31D-66CFE3B94205}.Debug|Any CPU.Build.0 = Debug|Any CPU
		{5315173F-51E5-4600-B31D-66CFE3B94205}.MacDebug|Any CPU.ActiveCfg = MacDebug|Any CPU
		{5315173F-51E5-4600-B31D-66CFE3B94205}.MacDebug|Any CPU.Build.0 = MacDebug|Any CPU
		{5315173F-51E5-4600-B31D-66CFE3B94205}.MacRelease|Any CPU.ActiveCfg = MacRelease|Any CPU
		{5315173F-51E5-4600-B31D-66CFE3B94205}.MacRelease|Any CPU.Build.0 = MacRelease|Any CPU
		{5315173F-51E5-4600-B31D-66CFE3B94205}.Release|Any CPU.ActiveCfg = Release|Any CPU
		{5315173F-51E5-4600-B31D-66CFE3B94205}.Release|Any CPU.Build.0 = Release|Any CPU
		{5315173F-51E5-4600-B31D-66CFE3B94205}.SignedRelease|Any CPU.ActiveCfg = Release|Any CPU
		{5315173F-51E5-4600-B31D-66CFE3B94205}.SignedRelease|Any CPU.Build.0 = Release|Any CPU
		{9A06ACC9-4D6F-4EAB-8A8A-9652BC6A70AE}.Debug|Any CPU.ActiveCfg = Debug|Any CPU
		{9A06ACC9-4D6F-4EAB-8A8A-9652BC6A70AE}.Debug|Any CPU.Build.0 = Debug|Any CPU
		{9A06ACC9-4D6F-4EAB-8A8A-9652BC6A70AE}.MacDebug|Any CPU.ActiveCfg = MacDebug|Any CPU
		{9A06ACC9-4D6F-4EAB-8A8A-9652BC6A70AE}.MacDebug|Any CPU.Build.0 = MacDebug|Any CPU
		{9A06ACC9-4D6F-4EAB-8A8A-9652BC6A70AE}.MacRelease|Any CPU.ActiveCfg = MacRelease|Any CPU
		{9A06ACC9-4D6F-4EAB-8A8A-9652BC6A70AE}.MacRelease|Any CPU.Build.0 = MacRelease|Any CPU
		{9A06ACC9-4D6F-4EAB-8A8A-9652BC6A70AE}.Release|Any CPU.ActiveCfg = Release|Any CPU
		{9A06ACC9-4D6F-4EAB-8A8A-9652BC6A70AE}.Release|Any CPU.Build.0 = Release|Any CPU
		{9A06ACC9-4D6F-4EAB-8A8A-9652BC6A70AE}.SignedRelease|Any CPU.ActiveCfg = SignedRelease|Any CPU
		{9A06ACC9-4D6F-4EAB-8A8A-9652BC6A70AE}.SignedRelease|Any CPU.Build.0 = SignedRelease|Any CPU
		{F1A82A4F-4A57-47D7-AE76-444C8A4FF54A}.Debug|Any CPU.ActiveCfg = Debug|Any CPU
		{F1A82A4F-4A57-47D7-AE76-444C8A4FF54A}.Debug|Any CPU.Build.0 = Debug|Any CPU
		{F1A82A4F-4A57-47D7-AE76-444C8A4FF54A}.MacDebug|Any CPU.ActiveCfg = Debug|Any CPU
		{F1A82A4F-4A57-47D7-AE76-444C8A4FF54A}.MacDebug|Any CPU.Build.0 = Debug|Any CPU
		{F1A82A4F-4A57-47D7-AE76-444C8A4FF54A}.MacRelease|Any CPU.ActiveCfg = Release|Any CPU
		{F1A82A4F-4A57-47D7-AE76-444C8A4FF54A}.MacRelease|Any CPU.Build.0 = Release|Any CPU
		{F1A82A4F-4A57-47D7-AE76-444C8A4FF54A}.Release|Any CPU.ActiveCfg = Release|Any CPU
		{F1A82A4F-4A57-47D7-AE76-444C8A4FF54A}.Release|Any CPU.Build.0 = Release|Any CPU
		{F1A82A4F-4A57-47D7-AE76-444C8A4FF54A}.SignedRelease|Any CPU.ActiveCfg = Release|Any CPU
		{F1A82A4F-4A57-47D7-AE76-444C8A4FF54A}.SignedRelease|Any CPU.Build.0 = Release|Any CPU
		{39A382D5-A4A1-415A-8CEB-618177E23FAC}.Debug|Any CPU.ActiveCfg = Debug|Any CPU
		{39A382D5-A4A1-415A-8CEB-618177E23FAC}.Debug|Any CPU.Build.0 = Debug|Any CPU
		{39A382D5-A4A1-415A-8CEB-618177E23FAC}.MacDebug|Any CPU.ActiveCfg = MacDebug|Any CPU
		{39A382D5-A4A1-415A-8CEB-618177E23FAC}.MacDebug|Any CPU.Build.0 = MacDebug|Any CPU
		{39A382D5-A4A1-415A-8CEB-618177E23FAC}.MacRelease|Any CPU.ActiveCfg = MacRelease|Any CPU
		{39A382D5-A4A1-415A-8CEB-618177E23FAC}.MacRelease|Any CPU.Build.0 = MacRelease|Any CPU
		{39A382D5-A4A1-415A-8CEB-618177E23FAC}.Release|Any CPU.ActiveCfg = Release|Any CPU
		{39A382D5-A4A1-415A-8CEB-618177E23FAC}.Release|Any CPU.Build.0 = Release|Any CPU
		{39A382D5-A4A1-415A-8CEB-618177E23FAC}.SignedRelease|Any CPU.ActiveCfg = Release|Any CPU
		{39A382D5-A4A1-415A-8CEB-618177E23FAC}.SignedRelease|Any CPU.Build.0 = Release|Any CPU
		{C646D24E-48FB-44E7-B104-0AAEA348537C}.Debug|Any CPU.ActiveCfg = Debug|Any CPU
		{C646D24E-48FB-44E7-B104-0AAEA348537C}.Debug|Any CPU.Build.0 = Debug|Any CPU
		{C646D24E-48FB-44E7-B104-0AAEA348537C}.MacDebug|Any CPU.ActiveCfg = Debug|Any CPU
		{C646D24E-48FB-44E7-B104-0AAEA348537C}.MacDebug|Any CPU.Build.0 = Debug|Any CPU
		{C646D24E-48FB-44E7-B104-0AAEA348537C}.MacRelease|Any CPU.ActiveCfg = Release|Any CPU
		{C646D24E-48FB-44E7-B104-0AAEA348537C}.MacRelease|Any CPU.Build.0 = Release|Any CPU
		{C646D24E-48FB-44E7-B104-0AAEA348537C}.Release|Any CPU.ActiveCfg = Release|Any CPU
		{C646D24E-48FB-44E7-B104-0AAEA348537C}.Release|Any CPU.Build.0 = Release|Any CPU
		{C646D24E-48FB-44E7-B104-0AAEA348537C}.SignedRelease|Any CPU.ActiveCfg = Release|Any CPU
		{C646D24E-48FB-44E7-B104-0AAEA348537C}.SignedRelease|Any CPU.Build.0 = Release|Any CPU
		{406D064D-78B4-467F-86C6-B3E2F12C0A65}.Debug|Any CPU.ActiveCfg = Debug|Any CPU
		{406D064D-78B4-467F-86C6-B3E2F12C0A65}.Debug|Any CPU.Build.0 = Debug|Any CPU
		{406D064D-78B4-467F-86C6-B3E2F12C0A65}.MacDebug|Any CPU.ActiveCfg = Debug|Any CPU
		{406D064D-78B4-467F-86C6-B3E2F12C0A65}.MacDebug|Any CPU.Build.0 = Debug|Any CPU
		{406D064D-78B4-467F-86C6-B3E2F12C0A65}.MacRelease|Any CPU.ActiveCfg = Release|Any CPU
		{406D064D-78B4-467F-86C6-B3E2F12C0A65}.MacRelease|Any CPU.Build.0 = Release|Any CPU
		{406D064D-78B4-467F-86C6-B3E2F12C0A65}.Release|Any CPU.ActiveCfg = Release|Any CPU
		{406D064D-78B4-467F-86C6-B3E2F12C0A65}.Release|Any CPU.Build.0 = Release|Any CPU
		{406D064D-78B4-467F-86C6-B3E2F12C0A65}.SignedRelease|Any CPU.ActiveCfg = Release|Any CPU
		{406D064D-78B4-467F-86C6-B3E2F12C0A65}.SignedRelease|Any CPU.Build.0 = Release|Any CPU
		{16EF1840-0361-439D-806C-92D0411122EB}.Debug|Any CPU.ActiveCfg = Debug|Any CPU
		{16EF1840-0361-439D-806C-92D0411122EB}.Debug|Any CPU.Build.0 = Debug|Any CPU
		{16EF1840-0361-439D-806C-92D0411122EB}.MacDebug|Any CPU.ActiveCfg = Debug|Any CPU
		{16EF1840-0361-439D-806C-92D0411122EB}.MacDebug|Any CPU.Build.0 = Debug|Any CPU
		{16EF1840-0361-439D-806C-92D0411122EB}.MacRelease|Any CPU.ActiveCfg = Release|Any CPU
		{16EF1840-0361-439D-806C-92D0411122EB}.MacRelease|Any CPU.Build.0 = Release|Any CPU
		{16EF1840-0361-439D-806C-92D0411122EB}.Release|Any CPU.ActiveCfg = Release|Any CPU
		{16EF1840-0361-439D-806C-92D0411122EB}.Release|Any CPU.Build.0 = Release|Any CPU
		{16EF1840-0361-439D-806C-92D0411122EB}.SignedRelease|Any CPU.ActiveCfg = Release|Any CPU
		{16EF1840-0361-439D-806C-92D0411122EB}.SignedRelease|Any CPU.Build.0 = Release|Any CPU
		{65EF51C6-5CB8-43B8-AE65-4A68F0B44AD2}.Debug|Any CPU.ActiveCfg = Debug|Any CPU
		{65EF51C6-5CB8-43B8-AE65-4A68F0B44AD2}.Debug|Any CPU.Build.0 = Debug|Any CPU
		{65EF51C6-5CB8-43B8-AE65-4A68F0B44AD2}.MacDebug|Any CPU.ActiveCfg = Debug|Any CPU
		{65EF51C6-5CB8-43B8-AE65-4A68F0B44AD2}.MacDebug|Any CPU.Build.0 = Debug|Any CPU
		{65EF51C6-5CB8-43B8-AE65-4A68F0B44AD2}.MacRelease|Any CPU.ActiveCfg = Release|Any CPU
		{65EF51C6-5CB8-43B8-AE65-4A68F0B44AD2}.MacRelease|Any CPU.Build.0 = Release|Any CPU
		{65EF51C6-5CB8-43B8-AE65-4A68F0B44AD2}.Release|Any CPU.ActiveCfg = Release|Any CPU
		{65EF51C6-5CB8-43B8-AE65-4A68F0B44AD2}.Release|Any CPU.Build.0 = Release|Any CPU
		{65EF51C6-5CB8-43B8-AE65-4A68F0B44AD2}.SignedRelease|Any CPU.ActiveCfg = Release|Any CPU
		{65EF51C6-5CB8-43B8-AE65-4A68F0B44AD2}.SignedRelease|Any CPU.Build.0 = Release|Any CPU
		{F3D2FA84-C398-4390-9834-1272CC2D6F89}.Debug|Any CPU.ActiveCfg = Debug|Any CPU
		{F3D2FA84-C398-4390-9834-1272CC2D6F89}.Debug|Any CPU.Build.0 = Debug|Any CPU
		{F3D2FA84-C398-4390-9834-1272CC2D6F89}.MacDebug|Any CPU.ActiveCfg = Debug|Any CPU
		{F3D2FA84-C398-4390-9834-1272CC2D6F89}.MacDebug|Any CPU.Build.0 = Debug|Any CPU
		{F3D2FA84-C398-4390-9834-1272CC2D6F89}.MacRelease|Any CPU.ActiveCfg = Release|Any CPU
		{F3D2FA84-C398-4390-9834-1272CC2D6F89}.MacRelease|Any CPU.Build.0 = Release|Any CPU
		{F3D2FA84-C398-4390-9834-1272CC2D6F89}.Release|Any CPU.ActiveCfg = Release|Any CPU
		{F3D2FA84-C398-4390-9834-1272CC2D6F89}.Release|Any CPU.Build.0 = Release|Any CPU
		{F3D2FA84-C398-4390-9834-1272CC2D6F89}.SignedRelease|Any CPU.ActiveCfg = Release|Any CPU
		{F3D2FA84-C398-4390-9834-1272CC2D6F89}.SignedRelease|Any CPU.Build.0 = Release|Any CPU
		{F14023E2-F8DF-4EBC-B2C4-34A825E3790E}.Debug|Any CPU.ActiveCfg = Debug|Any CPU
		{F14023E2-F8DF-4EBC-B2C4-34A825E3790E}.Debug|Any CPU.Build.0 = Debug|Any CPU
		{F14023E2-F8DF-4EBC-B2C4-34A825E3790E}.MacDebug|Any CPU.ActiveCfg = Debug|Any CPU
		{F14023E2-F8DF-4EBC-B2C4-34A825E3790E}.MacDebug|Any CPU.Build.0 = Debug|Any CPU
		{F14023E2-F8DF-4EBC-B2C4-34A825E3790E}.MacRelease|Any CPU.ActiveCfg = Release|Any CPU
		{F14023E2-F8DF-4EBC-B2C4-34A825E3790E}.MacRelease|Any CPU.Build.0 = Release|Any CPU
		{F14023E2-F8DF-4EBC-B2C4-34A825E3790E}.Release|Any CPU.ActiveCfg = Release|Any CPU
		{F14023E2-F8DF-4EBC-B2C4-34A825E3790E}.Release|Any CPU.Build.0 = Release|Any CPU
		{F14023E2-F8DF-4EBC-B2C4-34A825E3790E}.SignedRelease|Any CPU.ActiveCfg = Release|Any CPU
		{F14023E2-F8DF-4EBC-B2C4-34A825E3790E}.SignedRelease|Any CPU.Build.0 = Release|Any CPU
		{786BD0EE-1806-4158-BA45-80249AC6DFE7}.Debug|Any CPU.ActiveCfg = Debug|Any CPU
		{786BD0EE-1806-4158-BA45-80249AC6DFE7}.Debug|Any CPU.Build.0 = Debug|Any CPU
		{786BD0EE-1806-4158-BA45-80249AC6DFE7}.MacDebug|Any CPU.ActiveCfg = Debug|Any CPU
		{786BD0EE-1806-4158-BA45-80249AC6DFE7}.MacDebug|Any CPU.Build.0 = Debug|Any CPU
		{786BD0EE-1806-4158-BA45-80249AC6DFE7}.MacRelease|Any CPU.ActiveCfg = Release|Any CPU
		{786BD0EE-1806-4158-BA45-80249AC6DFE7}.MacRelease|Any CPU.Build.0 = Release|Any CPU
		{786BD0EE-1806-4158-BA45-80249AC6DFE7}.Release|Any CPU.ActiveCfg = Release|Any CPU
		{786BD0EE-1806-4158-BA45-80249AC6DFE7}.Release|Any CPU.Build.0 = Release|Any CPU
		{786BD0EE-1806-4158-BA45-80249AC6DFE7}.SignedRelease|Any CPU.ActiveCfg = Release|Any CPU
		{786BD0EE-1806-4158-BA45-80249AC6DFE7}.SignedRelease|Any CPU.Build.0 = Release|Any CPU
		{903E2E75-7B62-4C42-A001-404DC0235A6B}.Debug|Any CPU.ActiveCfg = Debug|Any CPU
		{903E2E75-7B62-4C42-A001-404DC0235A6B}.Debug|Any CPU.Build.0 = Debug|Any CPU
		{903E2E75-7B62-4C42-A001-404DC0235A6B}.MacDebug|Any CPU.ActiveCfg = Debug|Any CPU
		{903E2E75-7B62-4C42-A001-404DC0235A6B}.MacDebug|Any CPU.Build.0 = Debug|Any CPU
		{903E2E75-7B62-4C42-A001-404DC0235A6B}.MacRelease|Any CPU.ActiveCfg = Release|Any CPU
		{903E2E75-7B62-4C42-A001-404DC0235A6B}.MacRelease|Any CPU.Build.0 = Release|Any CPU
		{903E2E75-7B62-4C42-A001-404DC0235A6B}.Release|Any CPU.ActiveCfg = Release|Any CPU
		{903E2E75-7B62-4C42-A001-404DC0235A6B}.Release|Any CPU.Build.0 = Release|Any CPU
		{903E2E75-7B62-4C42-A001-404DC0235A6B}.SignedRelease|Any CPU.ActiveCfg = Release|Any CPU
		{903E2E75-7B62-4C42-A001-404DC0235A6B}.SignedRelease|Any CPU.Build.0 = Release|Any CPU
		{EDCD4511-B016-48EE-BD73-491A6B6687E6}.Debug|Any CPU.ActiveCfg = Debug|Any CPU
		{EDCD4511-B016-48EE-BD73-491A6B6687E6}.Debug|Any CPU.Build.0 = Debug|Any CPU
		{EDCD4511-B016-48EE-BD73-491A6B6687E6}.MacDebug|Any CPU.ActiveCfg = Debug|Any CPU
		{EDCD4511-B016-48EE-BD73-491A6B6687E6}.MacDebug|Any CPU.Build.0 = Debug|Any CPU
		{EDCD4511-B016-48EE-BD73-491A6B6687E6}.MacRelease|Any CPU.ActiveCfg = Release|Any CPU
		{EDCD4511-B016-48EE-BD73-491A6B6687E6}.MacRelease|Any CPU.Build.0 = Release|Any CPU
		{EDCD4511-B016-48EE-BD73-491A6B6687E6}.Release|Any CPU.ActiveCfg = Release|Any CPU
		{EDCD4511-B016-48EE-BD73-491A6B6687E6}.Release|Any CPU.Build.0 = Release|Any CPU
		{EDCD4511-B016-48EE-BD73-491A6B6687E6}.SignedRelease|Any CPU.ActiveCfg = Release|Any CPU
		{EDCD4511-B016-48EE-BD73-491A6B6687E6}.SignedRelease|Any CPU.Build.0 = Release|Any CPU
	EndGlobalSection
	GlobalSection(SolutionProperties) = preSolution
		HideSolutionNode = FALSE
	EndGlobalSection
	GlobalSection(NestedProjects) = preSolution
		{3A45F695-47A2-464C-ACE6-BDABBFA39FBC} = {64297C18-17FA-4590-AC51-F9BC454FE69E}
		{39E61451-F4FE-493D-B754-5F06EB284AAC} = {64297C18-17FA-4590-AC51-F9BC454FE69E}
		{3BFD6EE6-0267-4D82-BE7D-9B48B2F6F3D4} = {64297C18-17FA-4590-AC51-F9BC454FE69E}
		{CAD6BCB7-758B-4AA4-A5FE-A9FAB8A4CF2F} = {64297C18-17FA-4590-AC51-F9BC454FE69E}
		{554DF209-7744-433F-993A-783E2A2803EF} = {64297C18-17FA-4590-AC51-F9BC454FE69E}
		{4A16BBDF-64EB-4CDE-97AA-B18C9A44CBB6} = {64297C18-17FA-4590-AC51-F9BC454FE69E}
		{5315173F-51E5-4600-B31D-66CFE3B94205} = {64297C18-17FA-4590-AC51-F9BC454FE69E}
		{9A06ACC9-4D6F-4EAB-8A8A-9652BC6A70AE} = {64297C18-17FA-4590-AC51-F9BC454FE69E}
		{F1A82A4F-4A57-47D7-AE76-444C8A4FF54A} = {64297C18-17FA-4590-AC51-F9BC454FE69E}
		{39A382D5-A4A1-415A-8CEB-618177E23FAC} = {64297C18-17FA-4590-AC51-F9BC454FE69E}
		{406D064D-78B4-467F-86C6-B3E2F12C0A65} = {64297C18-17FA-4590-AC51-F9BC454FE69E}
		{16EF1840-0361-439D-806C-92D0411122EB} = {64297C18-17FA-4590-AC51-F9BC454FE69E}
		{65EF51C6-5CB8-43B8-AE65-4A68F0B44AD2} = {64297C18-17FA-4590-AC51-F9BC454FE69E}
		{F3D2FA84-C398-4390-9834-1272CC2D6F89} = {64297C18-17FA-4590-AC51-F9BC454FE69E}
		{F14023E2-F8DF-4EBC-B2C4-34A825E3790E} = {64297C18-17FA-4590-AC51-F9BC454FE69E}
		{786BD0EE-1806-4158-BA45-80249AC6DFE7} = {64297C18-17FA-4590-AC51-F9BC454FE69E}
		{903E2E75-7B62-4C42-A001-404DC0235A6B} = {64297C18-17FA-4590-AC51-F9BC454FE69E}
		{EDCD4511-B016-48EE-BD73-491A6B6687E6} = {64297C18-17FA-4590-AC51-F9BC454FE69E}
	EndGlobalSection
	GlobalSection(ExtensibilityGlobals) = postSolution
		SolutionGuid = {92344589-46AA-4C3E-97A0-B43D37B01476}
	EndGlobalSection
EndGlobal
