
Microsoft Visual Studio Solution File, Format Version 12.00
# Visual Studio 15
VisualStudioVersion = 15.0.27428.2002
MinimumVisualStudioVersion = 10.0.40219.1
Project("{2150E333-8FDC-42A3-9474-1A3956D46DE8}") = "submodule", "submodule", "{64297C18-17FA-4590-AC51-F9BC454FE69E}"
EndProject
Project("{FAE04EC0-301F-11D3-BF4B-00C04F79EFBC}") = "SanteDB.Core.Api", "santedb-api\SanteDB.Core.Api\SanteDB.Core.Api.csproj", "{3A45F695-47A2-464C-ACE6-BDABBFA39FBC}"
EndProject
Project("{FAE04EC0-301F-11D3-BF4B-00C04F79EFBC}") = "SanteDB.Core.Applets", "santedb-applets\SanteDB.Core.Applets\SanteDB.Core.Applets.csproj", "{39E61451-F4FE-493D-B754-5F06EB284AAC}"
EndProject
Project("{FAE04EC0-301F-11D3-BF4B-00C04F79EFBC}") = "SanteDB.BusinessRules.JavaScript", "santedb-bre-js\SanteDB.BusinessRules.JavaScript\SanteDB.BusinessRules.JavaScript.csproj", "{3BFD6EE6-0267-4D82-BE7D-9B48B2F6F3D4}"
EndProject
Project("{FAE04EC0-301F-11D3-BF4B-00C04F79EFBC}") = "SanteDB.Cdss.Xml", "santedb-cdss\SanteDB.Cdss.Xml\SanteDB.Cdss.Xml.csproj", "{CAD6BCB7-758B-4AA4-A5FE-A9FAB8A4CF2F}"
EndProject
Project("{FAE04EC0-301F-11D3-BF4B-00C04F79EFBC}") = "SanteDB.DisconnectedClient.Core", "santedb-dc-core\SanteDB.DisconnectedClient.Core\SanteDB.DisconnectedClient.Core.csproj", "{554DF209-7744-433F-993A-783E2A2803EF}"
EndProject
Project("{FAE04EC0-301F-11D3-BF4B-00C04F79EFBC}") = "SanteDB.DisconnectedClient.i18n", "santedb-dc-core\SanteDB.DisconnectedClient.i18n\SanteDB.DisconnectedClient.i18n.csproj", "{4A16BBDF-64EB-4CDE-97AA-B18C9A44CBB6}"
EndProject
Project("{FAE04EC0-301F-11D3-BF4B-00C04F79EFBC}") = "SanteDB.DisconnectedClient.UI", "santedb-dc-core\SanteDB.DisconnectedClient.UI\SanteDB.DisconnectedClient.UI.csproj", "{5315173F-51E5-4600-B31D-66CFE3B94205}"
EndProject
Project("{FAE04EC0-301F-11D3-BF4B-00C04F79EFBC}") = "SanteDB.DisconnectedClient.Xamarin", "santedb-dc-core\SanteDB.DisconnectedClient.Xamarin\SanteDB.DisconnectedClient.Xamarin.csproj", "{9A06ACC9-4D6F-4EAB-8A8A-9652BC6A70AE}"
EndProject
Project("{FAE04EC0-301F-11D3-BF4B-00C04F79EFBC}") = "SanteDB.Core.Model", "santedb-model\SanteDB.Core.Model\SanteDB.Core.Model.csproj", "{F1A82A4F-4A57-47D7-AE76-444C8A4FF54A}"
EndProject
Project("{FAE04EC0-301F-11D3-BF4B-00C04F79EFBC}") = "SanteDB.ReportR", "reportr\SanteDB.ReportR\SanteDB.ReportR.csproj", "{39A382D5-A4A1-415A-8CEB-618177E23FAC}"
EndProject
Global
	GlobalSection(SolutionConfigurationPlatforms) = preSolution
		Debug|Any CPU = Debug|Any CPU
		MacDebug|Any CPU = MacDebug|Any CPU
		MacRelease|Any CPU = MacRelease|Any CPU
		Release|Any CPU = Release|Any CPU
		SignedRelease|Any CPU = SignedRelease|Any CPU
	EndGlobalSection
	GlobalSection(ProjectConfigurationPlatforms) = postSolution
		{3A45F695-47A2-464C-ACE6-BDABBFA39FBC}.Debug|Any CPU.ActiveCfg = Debug|Any CPU
		{3A45F695-47A2-464C-ACE6-BDABBFA39FBC}.Debug|Any CPU.Build.0 = Debug|Any CPU
		{3A45F695-47A2-464C-ACE6-BDABBFA39FBC}.MacDebug|Any CPU.ActiveCfg = Debug|Any CPU
		{3A45F695-47A2-464C-ACE6-BDABBFA39FBC}.MacDebug|Any CPU.Build.0 = Debug|Any CPU
		{3A45F695-47A2-464C-ACE6-BDABBFA39FBC}.MacRelease|Any CPU.ActiveCfg = Release|Any CPU
		{3A45F695-47A2-464C-ACE6-BDABBFA39FBC}.MacRelease|Any CPU.Build.0 = Release|Any CPU
		{3A45F695-47A2-464C-ACE6-BDABBFA39FBC}.Release|Any CPU.ActiveCfg = Release|Any CPU
		{3A45F695-47A2-464C-ACE6-BDABBFA39FBC}.Release|Any CPU.Build.0 = Release|Any CPU
		{3A45F695-47A2-464C-ACE6-BDABBFA39FBC}.SignedRelease|Any CPU.ActiveCfg = Release|Any CPU
		{3A45F695-47A2-464C-ACE6-BDABBFA39FBC}.SignedRelease|Any CPU.Build.0 = Release|Any CPU
		{39E61451-F4FE-493D-B754-5F06EB284AAC}.Debug|Any CPU.ActiveCfg = Debug|Any CPU
		{39E61451-F4FE-493D-B754-5F06EB284AAC}.Debug|Any CPU.Build.0 = Debug|Any CPU
		{39E61451-F4FE-493D-B754-5F06EB284AAC}.MacDebug|Any CPU.ActiveCfg = Debug|Any CPU
		{39E61451-F4FE-493D-B754-5F06EB284AAC}.MacDebug|Any CPU.Build.0 = Debug|Any CPU
		{39E61451-F4FE-493D-B754-5F06EB284AAC}.MacRelease|Any CPU.ActiveCfg = Release|Any CPU
		{39E61451-F4FE-493D-B754-5F06EB284AAC}.MacRelease|Any CPU.Build.0 = Release|Any CPU
		{39E61451-F4FE-493D-B754-5F06EB284AAC}.Release|Any CPU.ActiveCfg = Release|Any CPU
		{39E61451-F4FE-493D-B754-5F06EB284AAC}.Release|Any CPU.Build.0 = Release|Any CPU
		{39E61451-F4FE-493D-B754-5F06EB284AAC}.SignedRelease|Any CPU.ActiveCfg = Release|Any CPU
		{39E61451-F4FE-493D-B754-5F06EB284AAC}.SignedRelease|Any CPU.Build.0 = Release|Any CPU
		{3BFD6EE6-0267-4D82-BE7D-9B48B2F6F3D4}.Debug|Any CPU.ActiveCfg = Debug|Any CPU
		{3BFD6EE6-0267-4D82-BE7D-9B48B2F6F3D4}.Debug|Any CPU.Build.0 = Debug|Any CPU
		{3BFD6EE6-0267-4D82-BE7D-9B48B2F6F3D4}.MacDebug|Any CPU.ActiveCfg = Debug|Any CPU
		{3BFD6EE6-0267-4D82-BE7D-9B48B2F6F3D4}.MacDebug|Any CPU.Build.0 = Debug|Any CPU
		{3BFD6EE6-0267-4D82-BE7D-9B48B2F6F3D4}.MacRelease|Any CPU.ActiveCfg = Release|Any CPU
		{3BFD6EE6-0267-4D82-BE7D-9B48B2F6F3D4}.MacRelease|Any CPU.Build.0 = Release|Any CPU
		{3BFD6EE6-0267-4D82-BE7D-9B48B2F6F3D4}.Release|Any CPU.ActiveCfg = Release|Any CPU
		{3BFD6EE6-0267-4D82-BE7D-9B48B2F6F3D4}.Release|Any CPU.Build.0 = Release|Any CPU
		{3BFD6EE6-0267-4D82-BE7D-9B48B2F6F3D4}.SignedRelease|Any CPU.ActiveCfg = Release|Any CPU
		{3BFD6EE6-0267-4D82-BE7D-9B48B2F6F3D4}.SignedRelease|Any CPU.Build.0 = Release|Any CPU
		{CAD6BCB7-758B-4AA4-A5FE-A9FAB8A4CF2F}.Debug|Any CPU.ActiveCfg = Debug|Any CPU
		{CAD6BCB7-758B-4AA4-A5FE-A9FAB8A4CF2F}.Debug|Any CPU.Build.0 = Debug|Any CPU
		{CAD6BCB7-758B-4AA4-A5FE-A9FAB8A4CF2F}.MacDebug|Any CPU.ActiveCfg = Debug|Any CPU
		{CAD6BCB7-758B-4AA4-A5FE-A9FAB8A4CF2F}.MacDebug|Any CPU.Build.0 = Debug|Any CPU
		{CAD6BCB7-758B-4AA4-A5FE-A9FAB8A4CF2F}.MacRelease|Any CPU.ActiveCfg = Release|Any CPU
		{CAD6BCB7-758B-4AA4-A5FE-A9FAB8A4CF2F}.MacRelease|Any CPU.Build.0 = Release|Any CPU
		{CAD6BCB7-758B-4AA4-A5FE-A9FAB8A4CF2F}.Release|Any CPU.ActiveCfg = Release|Any CPU
		{CAD6BCB7-758B-4AA4-A5FE-A9FAB8A4CF2F}.Release|Any CPU.Build.0 = Release|Any CPU
		{CAD6BCB7-758B-4AA4-A5FE-A9FAB8A4CF2F}.SignedRelease|Any CPU.ActiveCfg = Release|Any CPU
		{CAD6BCB7-758B-4AA4-A5FE-A9FAB8A4CF2F}.SignedRelease|Any CPU.Build.0 = Release|Any CPU
		{554DF209-7744-433F-993A-783E2A2803EF}.Debug|Any CPU.ActiveCfg = Debug|Any CPU
		{554DF209-7744-433F-993A-783E2A2803EF}.Debug|Any CPU.Build.0 = Debug|Any CPU
		{554DF209-7744-433F-993A-783E2A2803EF}.MacDebug|Any CPU.ActiveCfg = MacDebug|Any CPU
		{554DF209-7744-433F-993A-783E2A2803EF}.MacDebug|Any CPU.Build.0 = MacDebug|Any CPU
		{554DF209-7744-433F-993A-783E2A2803EF}.MacRelease|Any CPU.ActiveCfg = MacRelease|Any CPU
		{554DF209-7744-433F-993A-783E2A2803EF}.MacRelease|Any CPU.Build.0 = MacRelease|Any CPU
		{554DF209-7744-433F-993A-783E2A2803EF}.Release|Any CPU.ActiveCfg = Release|Any CPU
		{554DF209-7744-433F-993A-783E2A2803EF}.Release|Any CPU.Build.0 = Release|Any CPU
		{554DF209-7744-433F-993A-783E2A2803EF}.SignedRelease|Any CPU.ActiveCfg = SignedRelease|Any CPU
		{554DF209-7744-433F-993A-783E2A2803EF}.SignedRelease|Any CPU.Build.0 = SignedRelease|Any CPU
		{4A16BBDF-64EB-4CDE-97AA-B18C9A44CBB6}.Debug|Any CPU.ActiveCfg = Debug|Any CPU
		{4A16BBDF-64EB-4CDE-97AA-B18C9A44CBB6}.Debug|Any CPU.Build.0 = Debug|Any CPU
		{4A16BBDF-64EB-4CDE-97AA-B18C9A44CBB6}.MacDebug|Any CPU.ActiveCfg = Debug|Any CPU
		{4A16BBDF-64EB-4CDE-97AA-B18C9A44CBB6}.MacDebug|Any CPU.Build.0 = Debug|Any CPU
		{4A16BBDF-64EB-4CDE-97AA-B18C9A44CBB6}.MacRelease|Any CPU.ActiveCfg = Release|Any CPU
		{4A16BBDF-64EB-4CDE-97AA-B18C9A44CBB6}.MacRelease|Any CPU.Build.0 = Release|Any CPU
		{4A16BBDF-64EB-4CDE-97AA-B18C9A44CBB6}.Release|Any CPU.ActiveCfg = Release|Any CPU
		{4A16BBDF-64EB-4CDE-97AA-B18C9A44CBB6}.Release|Any CPU.Build.0 = Release|Any CPU
		{4A16BBDF-64EB-4CDE-97AA-B18C9A44CBB6}.SignedRelease|Any CPU.ActiveCfg = Release|Any CPU
		{4A16BBDF-64EB-4CDE-97AA-B18C9A44CBB6}.SignedRelease|Any CPU.Build.0 = Release|Any CPU
		{5315173F-51E5-4600-B31D-66CFE3B94205}.Debug|Any CPU.ActiveCfg = Debug|Any CPU
		{5315173F-51E5-4600-B31D-66CFE3B94205}.Debug|Any CPU.Build.0 = Debug|Any CPU
		{5315173F-51E5-4600-B31D-66CFE3B94205}.MacDebug|Any CPU.ActiveCfg = MacDebug|Any CPU
		{5315173F-51E5-4600-B31D-66CFE3B94205}.MacDebug|Any CPU.Build.0 = MacDebug|Any CPU
		{5315173F-51E5-4600-B31D-66CFE3B94205}.MacRelease|Any CPU.ActiveCfg = MacRelease|Any CPU
		{5315173F-51E5-4600-B31D-66CFE3B94205}.MacRelease|Any CPU.Build.0 = MacRelease|Any CPU
		{5315173F-51E5-4600-B31D-66CFE3B94205}.Release|Any CPU.ActiveCfg = Release|Any CPU
		{5315173F-51E5-4600-B31D-66CFE3B94205}.Release|Any CPU.Build.0 = Release|Any CPU
		{5315173F-51E5-4600-B31D-66CFE3B94205}.SignedRelease|Any CPU.ActiveCfg = Release|Any CPU
		{5315173F-51E5-4600-B31D-66CFE3B94205}.SignedRelease|Any CPU.Build.0 = Release|Any CPU
		{9A06ACC9-4D6F-4EAB-8A8A-9652BC6A70AE}.Debug|Any CPU.ActiveCfg = Debug|Any CPU
		{9A06ACC9-4D6F-4EAB-8A8A-9652BC6A70AE}.Debug|Any CPU.Build.0 = Debug|Any CPU
		{9A06ACC9-4D6F-4EAB-8A8A-9652BC6A70AE}.MacDebug|Any CPU.ActiveCfg = MacDebug|Any CPU
		{9A06ACC9-4D6F-4EAB-8A8A-9652BC6A70AE}.MacDebug|Any CPU.Build.0 = MacDebug|Any CPU
		{9A06ACC9-4D6F-4EAB-8A8A-9652BC6A70AE}.MacRelease|Any CPU.ActiveCfg = MacRelease|Any CPU
		{9A06ACC9-4D6F-4EAB-8A8A-9652BC6A70AE}.MacRelease|Any CPU.Build.0 = MacRelease|Any CPU
		{9A06ACC9-4D6F-4EAB-8A8A-9652BC6A70AE}.Release|Any CPU.ActiveCfg = Release|Any CPU
		{9A06ACC9-4D6F-4EAB-8A8A-9652BC6A70AE}.Release|Any CPU.Build.0 = Release|Any CPU
		{9A06ACC9-4D6F-4EAB-8A8A-9652BC6A70AE}.SignedRelease|Any CPU.ActiveCfg = SignedRelease|Any CPU
		{9A06ACC9-4D6F-4EAB-8A8A-9652BC6A70AE}.SignedRelease|Any CPU.Build.0 = SignedRelease|Any CPU
		{F1A82A4F-4A57-47D7-AE76-444C8A4FF54A}.Debug|Any CPU.ActiveCfg = Debug|Any CPU
		{F1A82A4F-4A57-47D7-AE76-444C8A4FF54A}.Debug|Any CPU.Build.0 = Debug|Any CPU
		{F1A82A4F-4A57-47D7-AE76-444C8A4FF54A}.MacDebug|Any CPU.ActiveCfg = Debug|Any CPU
		{F1A82A4F-4A57-47D7-AE76-444C8A4FF54A}.MacDebug|Any CPU.Build.0 = Debug|Any CPU
		{F1A82A4F-4A57-47D7-AE76-444C8A4FF54A}.MacRelease|Any CPU.ActiveCfg = Release|Any CPU
		{F1A82A4F-4A57-47D7-AE76-444C8A4FF54A}.MacRelease|Any CPU.Build.0 = Release|Any CPU
		{F1A82A4F-4A57-47D7-AE76-444C8A4FF54A}.Release|Any CPU.ActiveCfg = Release|Any CPU
		{F1A82A4F-4A57-47D7-AE76-444C8A4FF54A}.Release|Any CPU.Build.0 = Release|Any CPU
		{F1A82A4F-4A57-47D7-AE76-444C8A4FF54A}.SignedRelease|Any CPU.ActiveCfg = Release|Any CPU
		{F1A82A4F-4A57-47D7-AE76-444C8A4FF54A}.SignedRelease|Any CPU.Build.0 = Release|Any CPU
		{39A382D5-A4A1-415A-8CEB-618177E23FAC}.Debug|Any CPU.ActiveCfg = Debug|Any CPU
		{39A382D5-A4A1-415A-8CEB-618177E23FAC}.Debug|Any CPU.Build.0 = Debug|Any CPU
		{39A382D5-A4A1-415A-8CEB-618177E23FAC}.MacDebug|Any CPU.ActiveCfg = MacDebug|Any CPU
		{39A382D5-A4A1-415A-8CEB-618177E23FAC}.MacDebug|Any CPU.Build.0 = MacDebug|Any CPU
		{39A382D5-A4A1-415A-8CEB-618177E23FAC}.MacRelease|Any CPU.ActiveCfg = MacRelease|Any CPU
		{39A382D5-A4A1-415A-8CEB-618177E23FAC}.MacRelease|Any CPU.Build.0 = MacRelease|Any CPU
		{39A382D5-A4A1-415A-8CEB-618177E23FAC}.Release|Any CPU.ActiveCfg = Release|Any CPU
		{39A382D5-A4A1-415A-8CEB-618177E23FAC}.Release|Any CPU.Build.0 = Release|Any CPU
		{39A382D5-A4A1-415A-8CEB-618177E23FAC}.SignedRelease|Any CPU.ActiveCfg = Release|Any CPU
		{39A382D5-A4A1-415A-8CEB-618177E23FAC}.SignedRelease|Any CPU.Build.0 = Release|Any CPU
	EndGlobalSection
	GlobalSection(SolutionProperties) = preSolution
		HideSolutionNode = FALSE
	EndGlobalSection
	GlobalSection(NestedProjects) = preSolution
		{3A45F695-47A2-464C-ACE6-BDABBFA39FBC} = {64297C18-17FA-4590-AC51-F9BC454FE69E}
		{39E61451-F4FE-493D-B754-5F06EB284AAC} = {64297C18-17FA-4590-AC51-F9BC454FE69E}
		{3BFD6EE6-0267-4D82-BE7D-9B48B2F6F3D4} = {64297C18-17FA-4590-AC51-F9BC454FE69E}
		{CAD6BCB7-758B-4AA4-A5FE-A9FAB8A4CF2F} = {64297C18-17FA-4590-AC51-F9BC454FE69E}
		{554DF209-7744-433F-993A-783E2A2803EF} = {64297C18-17FA-4590-AC51-F9BC454FE69E}
		{4A16BBDF-64EB-4CDE-97AA-B18C9A44CBB6} = {64297C18-17FA-4590-AC51-F9BC454FE69E}
		{5315173F-51E5-4600-B31D-66CFE3B94205} = {64297C18-17FA-4590-AC51-F9BC454FE69E}
		{9A06ACC9-4D6F-4EAB-8A8A-9652BC6A70AE} = {64297C18-17FA-4590-AC51-F9BC454FE69E}
		{F1A82A4F-4A57-47D7-AE76-444C8A4FF54A} = {64297C18-17FA-4590-AC51-F9BC454FE69E}
		{39A382D5-A4A1-415A-8CEB-618177E23FAC} = {64297C18-17FA-4590-AC51-F9BC454FE69E}
	EndGlobalSection
	GlobalSection(ExtensibilityGlobals) = postSolution
		SolutionGuid = {92344589-46AA-4C3E-97A0-B43D37B01476}
	EndGlobalSection
EndGlobal
